
Microsoft Visual Studio Solution File, Format Version 12.00
# Visual Studio Version 16
VisualStudioVersion = 16.0.30204.135
MinimumVisualStudioVersion = 10.0.40219.1
Project("{FAE04EC0-301F-11D3-BF4B-00C04F79EFBC}") = "wow-squire-map-xml-drawer", "wow-squire-map-xml-drawer\wow-squire-map-xml-drawer.csproj", "{1D7181C2-287A-4077-A00D-BA38787A9376}"
EndProject
Global
	GlobalSection(SolutionConfigurationPlatforms) = preSolution
		Debug|Any CPU = Debug|Any CPU
		Release|Any CPU = Release|Any CPU
	EndGlobalSection
	GlobalSection(ProjectConfigurationPlatforms) = postSolution
		{1D7181C2-287A-4077-A00D-BA38787A9376}.Debug|Any CPU.ActiveCfg = Debug|Any CPU
		{1D7181C2-287A-4077-A00D-BA38787A9376}.Debug|Any CPU.Build.0 = Debug|Any CPU
		{1D7181C2-287A-4077-A00D-BA38787A9376}.Release|Any CPU.ActiveCfg = Release|Any CPU
		{1D7181C2-287A-4077-A00D-BA38787A9376}.Release|Any CPU.Build.0 = Release|Any CPU
	EndGlobalSection
	GlobalSection(SolutionProperties) = preSolution
		HideSolutionNode = FALSE
	EndGlobalSection
	GlobalSection(ExtensibilityGlobals) = postSolution
		SolutionGuid = {E3962EA1-94BA-45CB-87C3-1ECE21393F96}
	EndGlobalSection
EndGlobal
